
Microsoft Visual Studio Solution File, Format Version 12.00
# Visual Studio Version 17
VisualStudioVersion = 17.10.34902.84
MinimumVisualStudioVersion = 10.0.40219.1
Project("{FAE04EC0-301F-11D3-BF4B-00C04F79EFBC}") = "APIConnect.Core", "src\APIConnect.Core\APIConnect.Core.csproj", "{A23ED76D-7EA4-4530-AC49-86496728BAEF}"
EndProject
Project("{FAE04EC0-301F-11D3-BF4B-00C04F79EFBC}") = "APIConnect.Test", "src\APIConnect.Test\APIConnect.Test.csproj", "{46E284DD-803C-476D-A7BC-C29501E51134}"
EndProject
Global
	GlobalSection(SolutionConfigurationPlatforms) = preSolution
		Debug|Any CPU = Debug|Any CPU
		Release|Any CPU = Release|Any CPU
	EndGlobalSection
	GlobalSection(ProjectConfigurationPlatforms) = postSolution
		{A23ED76D-7EA4-4530-AC49-86496728BAEF}.Debug|Any CPU.ActiveCfg = Debug|Any CPU
		{A23ED76D-7EA4-4530-AC49-86496728BAEF}.Debug|Any CPU.Build.0 = Debug|Any CPU
		{A23ED76D-7EA4-4530-AC49-86496728BAEF}.Release|Any CPU.ActiveCfg = Release|Any CPU
		{A23ED76D-7EA4-4530-AC49-86496728BAEF}.Release|Any CPU.Build.0 = Release|Any CPU
		{46E284DD-803C-476D-A7BC-C29501E51134}.Debug|Any CPU.ActiveCfg = Debug|Any CPU
		{46E284DD-803C-476D-A7BC-C29501E51134}.Debug|Any CPU.Build.0 = Debug|Any CPU
		{46E284DD-803C-476D-A7BC-C29501E51134}.Release|Any CPU.ActiveCfg = Release|Any CPU
		{46E284DD-803C-476D-A7BC-C29501E51134}.Release|Any CPU.Build.0 = Release|Any CPU
	EndGlobalSection
	GlobalSection(SolutionProperties) = preSolution
		HideSolutionNode = FALSE
	EndGlobalSection
	GlobalSection(ExtensibilityGlobals) = postSolution
		SolutionGuid = {94BECC6C-AA1B-497C-82D0-F5C65556C3CE}
	EndGlobalSection
EndGlobal
